
Microsoft Visual Studio Solution File, Format Version 12.00
# Visual Studio Version 16
VisualStudioVersion = 16.0.30204.135
MinimumVisualStudioVersion = 10.0.40219.1
Project("{FAE04EC0-301F-11D3-BF4B-00C04F79EFBC}") = "PizzaOrder", "PizzaOrder\PizzaOrder.csproj", "{40B6F323-F38D-4945-80F2-FD83350265B9}"
EndProject
Global
	GlobalSection(SolutionConfigurationPlatforms) = preSolution
		Debug|Any CPU = Debug|Any CPU
		Release|Any CPU = Release|Any CPU
	EndGlobalSection
	GlobalSection(ProjectConfigurationPlatforms) = postSolution
		{40B6F323-F38D-4945-80F2-FD83350265B9}.Debug|Any CPU.ActiveCfg = Debug|Any CPU
		{40B6F323-F38D-4945-80F2-FD83350265B9}.Debug|Any CPU.Build.0 = Debug|Any CPU
		{40B6F323-F38D-4945-80F2-FD83350265B9}.Release|Any CPU.ActiveCfg = Release|Any CPU
		{40B6F323-F38D-4945-80F2-FD83350265B9}.Release|Any CPU.Build.0 = Release|Any CPU
	EndGlobalSection
	GlobalSection(SolutionProperties) = preSolution
		HideSolutionNode = FALSE
	EndGlobalSection
	GlobalSection(ExtensibilityGlobals) = postSolution
		SolutionGuid = {4CEF100F-5D04-44C6-AFF1-324A8B6A75CD}
	EndGlobalSection
EndGlobal
